// !$*UTF8*$!
{
	archiveVersion = 1;
	classes = {
	};
	objectVersion = 56;
	objects = {

/* Begin PBXBuildFile section */
		FB5E499E2D6F799300B22099 /* ShuffleAgendaApp.swift in Sources */ = {isa = PBXBuildFile; fileRef = FB5E499D2D6F799300B22099 /* ShuffleAgendaApp.swift */; };
		FB5E49A22D6F799400B22099 /* Assets.xcassets in Resources */ = {isa = PBXBuildFile; fileRef = FB5E49A12D6F799400B22099 /* Assets.xcassets */; };
		FB5E49A52D6F799400B22099 /* Preview Assets.xcassets in Resources */ = {isa = PBXBuildFile; fileRef = FB5E49A42D6F799400B22099 /* Preview Assets.xcassets */; };
		FB5E49AF2D6F799400B22099 /* ShuffleAgendaTests.swift in Sources */ = {isa = PBXBuildFile; fileRef = FB5E49AE2D6F799400B22099 /* ShuffleAgendaTests.swift */; };
		FB5E49B92D6F799400B22099 /* ShuffleAgendaUITests.swift in Sources */ = {isa = PBXBuildFile; fileRef = FB5E49B82D6F799400B22099 /* ShuffleAgendaUITests.swift */; };
		FB5E49BB2D6F799400B22099 /* ShuffleAgendaUITestsLaunchTests.swift in Sources */ = {isa = PBXBuildFile; fileRef = FB5E49BA2D6F799400B22099 /* ShuffleAgendaUITestsLaunchTests.swift */; };
		FB5E49C82D6F7C0D00B22099 /* PantallaAgenda.swift in Sources */ = {isa = PBXBuildFile; fileRef = FB5E49C72D6F7C0D00B22099 /* PantallaAgenda.swift */; };
		FB5E49CB2D6F802400B22099 /* contacto_prevista.swift in Sources */ = {isa = PBXBuildFile; fileRef = FB5E49CA2D6F802400B22099 /* contacto_prevista.swift */; };
		FB5E49CE2D6F871100B22099 /* contacto_agenda.swift in Sources */ = {isa = PBXBuildFile; fileRef = FB5E49CD2D6F871100B22099 /* contacto_agenda.swift */; };
		FB829B402D78BD0E003C728D /* pantalla_ganador.swift in Sources */ = {isa = PBXBuildFile; fileRef = FB829B3F2D78BD0E003C728D /* pantalla_ganador.swift */; };
		FB87E2A72D760F2300381BE8 /* imagen.jpg in Resources */ = {isa = PBXBuildFile; fileRef = FB87E2A62D760F2300381BE8 /* imagen.jpg */; };
		FB87E2A92D7618EA00381BE8 /* agregar_contacto.swift in Sources */ = {isa = PBXBuildFile; fileRef = FB87E2A82D7618EA00381BE8 /* agregar_contacto.swift */; };
/* End PBXBuildFile section */

/* Begin PBXContainerItemProxy section */
		FB5E49AB2D6F799400B22099 /* PBXContainerItemProxy */ = {
			isa = PBXContainerItemProxy;
			containerPortal = FB5E49922D6F799300B22099 /* Project object */;
			proxyType = 1;
			remoteGlobalIDString = FB5E49992D6F799300B22099;
			remoteInfo = ShuffleAgenda;
		};
		FB5E49B52D6F799400B22099 /* PBXContainerItemProxy */ = {
			isa = PBXContainerItemProxy;
			containerPortal = FB5E49922D6F799300B22099 /* Project object */;
			proxyType = 1;
			remoteGlobalIDString = FB5E49992D6F799300B22099;
			remoteInfo = ShuffleAgenda;
		};
/* End PBXContainerItemProxy section */

/* Begin PBXFileReference section */
		FB5E499A2D6F799300B22099 /* ShuffleAgenda.app */ = {isa = PBXFileReference; explicitFileType = wrapper.application; includeInIndex = 0; path = ShuffleAgenda.app; sourceTree = BUILT_PRODUCTS_DIR; };
		FB5E499D2D6F799300B22099 /* ShuffleAgendaApp.swift */ = {isa = PBXFileReference; lastKnownFileType = sourcecode.swift; path = ShuffleAgendaApp.swift; sourceTree = "<group>"; };
		FB5E49A12D6F799400B22099 /* Assets.xcassets */ = {isa = PBXFileReference; lastKnownFileType = folder.assetcatalog; path = Assets.xcassets; sourceTree = "<group>"; };
		FB5E49A42D6F799400B22099 /* Preview Assets.xcassets */ = {isa = PBXFileReference; lastKnownFileType = folder.assetcatalog; path = "Preview Assets.xcassets"; sourceTree = "<group>"; };
		FB5E49AA2D6F799400B22099 /* ShuffleAgendaTests.xctest */ = {isa = PBXFileReference; explicitFileType = wrapper.cfbundle; includeInIndex = 0; path = ShuffleAgendaTests.xctest; sourceTree = BUILT_PRODUCTS_DIR; };
		FB5E49AE2D6F799400B22099 /* ShuffleAgendaTests.swift */ = {isa = PBXFileReference; lastKnownFileType = sourcecode.swift; path = ShuffleAgendaTests.swift; sourceTree = "<group>"; };
		FB5E49B42D6F799400B22099 /* ShuffleAgendaUITests.xctest */ = {isa = PBXFileReference; explicitFileType = wrapper.cfbundle; includeInIndex = 0; path = ShuffleAgendaUITests.xctest; sourceTree = BUILT_PRODUCTS_DIR; };
		FB5E49B82D6F799400B22099 /* ShuffleAgendaUITests.swift */ = {isa = PBXFileReference; lastKnownFileType = sourcecode.swift; path = ShuffleAgendaUITests.swift; sourceTree = "<group>"; };
		FB5E49BA2D6F799400B22099 /* ShuffleAgendaUITestsLaunchTests.swift */ = {isa = PBXFileReference; lastKnownFileType = sourcecode.swift; path = ShuffleAgendaUITestsLaunchTests.swift; sourceTree = "<group>"; };
		FB5E49C72D6F7C0D00B22099 /* PantallaAgenda.swift */ = {isa = PBXFileReference; lastKnownFileType = sourcecode.swift; path = PantallaAgenda.swift; sourceTree = "<group>"; };
		FB5E49CA2D6F802400B22099 /* contacto_prevista.swift */ = {isa = PBXFileReference; lastKnownFileType = sourcecode.swift; path = contacto_prevista.swift; sourceTree = "<group>"; };
		FB5E49CD2D6F871100B22099 /* contacto_agenda.swift */ = {isa = PBXFileReference; lastKnownFileType = sourcecode.swift; path = contacto_agenda.swift; sourceTree = "<group>"; };
		FB829B3F2D78BD0E003C728D /* pantalla_ganador.swift */ = {isa = PBXFileReference; lastKnownFileType = sourcecode.swift; path = pantalla_ganador.swift; sourceTree = "<group>"; };
		FB87E2A62D760F2300381BE8 /* imagen.jpg */ = {isa = PBXFileReference; lastKnownFileType = image.jpeg; path = imagen.jpg; sourceTree = "<group>"; };
		FB87E2A82D7618EA00381BE8 /* agregar_contacto.swift */ = {isa = PBXFileReference; lastKnownFileType = sourcecode.swift; path = agregar_contacto.swift; sourceTree = "<group>"; };
/* End PBXFileReference section */

/* Begin PBXFrameworksBuildPhase section */
		FB5E49972D6F799300B22099 /* Frameworks */ = {
			isa = PBXFrameworksBuildPhase;
			buildActionMask = 2147483647;
			files = (
			);
			runOnlyForDeploymentPostprocessing = 0;
		};
		FB5E49A72D6F799400B22099 /* Frameworks */ = {
			isa = PBXFrameworksBuildPhase;
			buildActionMask = 2147483647;
			files = (
			);
			runOnlyForDeploymentPostprocessing = 0;
		};
		FB5E49B12D6F799400B22099 /* Frameworks */ = {
			isa = PBXFrameworksBuildPhase;
			buildActionMask = 2147483647;
			files = (
			);
			runOnlyForDeploymentPostprocessing = 0;
		};
/* End PBXFrameworksBuildPhase section */

/* Begin PBXGroup section */
		FB5E49912D6F799300B22099 = {
			isa = PBXGroup;
			children = (
				FB5E499C2D6F799300B22099 /* ShuffleAgenda */,
				FB5E49AD2D6F799400B22099 /* ShuffleAgendaTests */,
				FB5E49B72D6F799400B22099 /* ShuffleAgendaUITests */,
				FB5E499B2D6F799300B22099 /* Products */,
			);
			sourceTree = "<group>";
		};
		FB5E499B2D6F799300B22099 /* Products */ = {
			isa = PBXGroup;
			children = (
				FB5E499A2D6F799300B22099 /* ShuffleAgenda.app */,
				FB5E49AA2D6F799400B22099 /* ShuffleAgendaTests.xctest */,
				FB5E49B42D6F799400B22099 /* ShuffleAgendaUITests.xctest */,
			);
			name = Products;
			sourceTree = "<group>";
		};
		FB5E499C2D6F799300B22099 /* ShuffleAgenda */ = {
			isa = PBXGroup;
			children = (
				FB5E49CC2D6F85C500B22099 /* modelos */,
				FB5E49C92D6F7F6500B22099 /* componentes */,
				FB5E499D2D6F799300B22099 /* ShuffleAgendaApp.swift */,
				FB5E49A12D6F799400B22099 /* Assets.xcassets */,
				FB5E49C72D6F7C0D00B22099 /* PantallaAgenda.swift */,
				FB5E49A32D6F799400B22099 /* Preview Content */,
			);
			path = ShuffleAgenda;
			sourceTree = "<group>";
		};
		FB5E49A32D6F799400B22099 /* Preview Content */ = {
			isa = PBXGroup;
			children = (
				FB5E49A42D6F799400B22099 /* Preview Assets.xcassets */,
			);
			path = "Preview Content";
			sourceTree = "<group>";
		};
		FB5E49AD2D6F799400B22099 /* ShuffleAgendaTests */ = {
			isa = PBXGroup;
			children = (
				FB5E49AE2D6F799400B22099 /* ShuffleAgendaTests.swift */,
			);
			path = ShuffleAgendaTests;
			sourceTree = "<group>";
		};
		FB5E49B72D6F799400B22099 /* ShuffleAgendaUITests */ = {
			isa = PBXGroup;
			children = (
				FB5E49B82D6F799400B22099 /* ShuffleAgendaUITests.swift */,
				FB5E49BA2D6F799400B22099 /* ShuffleAgendaUITestsLaunchTests.swift */,
			);
			path = ShuffleAgendaUITests;
			sourceTree = "<group>";
		};
		FB5E49C92D6F7F6500B22099 /* componentes */ = {
			isa = PBXGroup;
			children = (
				FB87E2A62D760F2300381BE8 /* imagen.jpg */,
				FB5E49CA2D6F802400B22099 /* contacto_prevista.swift */,
				FB87E2A82D7618EA00381BE8 /* agregar_contacto.swift */,
				FB829B3F2D78BD0E003C728D /* pantalla_ganador.swift */,
			);
			path = componentes;
			sourceTree = "<group>";
		};
		FB5E49CC2D6F85C500B22099 /* modelos */ = {
			isa = PBXGroup;
			children = (
				FB5E49CD2D6F871100B22099 /* contacto_agenda.swift */,
			);
			path = modelos;
			sourceTree = "<group>";
		};
/* End PBXGroup section */

/* Begin PBXNativeTarget section */
		FB5E49992D6F799300B22099 /* ShuffleAgenda */ = {
			isa = PBXNativeTarget;
			buildConfigurationList = FB5E49BE2D6F799400B22099 /* Build configuration list for PBXNativeTarget "ShuffleAgenda" */;
			buildPhases = (
				FB5E49962D6F799300B22099 /* Sources */,
				FB5E49972D6F799300B22099 /* Frameworks */,
				FB5E49982D6F799300B22099 /* Resources */,
			);
			buildRules = (
			);
			dependencies = (
			);
			name = ShuffleAgenda;
			productName = ShuffleAgenda;
			productReference = FB5E499A2D6F799300B22099 /* ShuffleAgenda.app */;
			productType = "com.apple.product-type.application";
		};
		FB5E49A92D6F799400B22099 /* ShuffleAgendaTests */ = {
			isa = PBXNativeTarget;
			buildConfigurationList = FB5E49C12D6F799400B22099 /* Build configuration list for PBXNativeTarget "ShuffleAgendaTests" */;
			buildPhases = (
				FB5E49A62D6F799400B22099 /* Sources */,
				FB5E49A72D6F799400B22099 /* Frameworks */,
				FB5E49A82D6F799400B22099 /* Resources */,
			);
			buildRules = (
			);
			dependencies = (
				FB5E49AC2D6F799400B22099 /* PBXTargetDependency */,
			);
			name = ShuffleAgendaTests;
			productName = ShuffleAgendaTests;
			productReference = FB5E49AA2D6F799400B22099 /* ShuffleAgendaTests.xctest */;
			productType = "com.apple.product-type.bundle.unit-test";
		};
		FB5E49B32D6F799400B22099 /* ShuffleAgendaUITests */ = {
			isa = PBXNativeTarget;
			buildConfigurationList = FB5E49C42D6F799400B22099 /* Build configuration list for PBXNativeTarget "ShuffleAgendaUITests" */;
			buildPhases = (
				FB5E49B02D6F799400B22099 /* Sources */,
				FB5E49B12D6F799400B22099 /* Frameworks */,
				FB5E49B22D6F799400B22099 /* Resources */,
			);
			buildRules = (
			);
			dependencies = (
				FB5E49B62D6F799400B22099 /* PBXTargetDependency */,
			);
			name = ShuffleAgendaUITests;
			productName = ShuffleAgendaUITests;
			productReference = FB5E49B42D6F799400B22099 /* ShuffleAgendaUITests.xctest */;
			productType = "com.apple.product-type.bundle.ui-testing";
		};
/* End PBXNativeTarget section */

/* Begin PBXProject section */
		FB5E49922D6F799300B22099 /* Project object */ = {
			isa = PBXProject;
			attributes = {
				BuildIndependentTargetsInParallel = 1;
				LastSwiftUpdateCheck = 1540;
				LastUpgradeCheck = 1540;
				TargetAttributes = {
					FB5E49992D6F799300B22099 = {
						CreatedOnToolsVersion = 15.4;
					};
					FB5E49A92D6F799400B22099 = {
						CreatedOnToolsVersion = 15.4;
						TestTargetID = FB5E49992D6F799300B22099;
					};
					FB5E49B32D6F799400B22099 = {
						CreatedOnToolsVersion = 15.4;
						TestTargetID = FB5E49992D6F799300B22099;
					};
				};
			};
			buildConfigurationList = FB5E49952D6F799300B22099 /* Build configuration list for PBXProject "ShuffleAgenda" */;
			compatibilityVersion = "Xcode 14.0";
			developmentRegion = en;
			hasScannedForEncodings = 0;
			knownRegions = (
				en,
				Base,
			);
			mainGroup = FB5E49912D6F799300B22099;
			productRefGroup = FB5E499B2D6F799300B22099 /* Products */;
			projectDirPath = "";
			projectRoot = "";
			targets = (
				FB5E49992D6F799300B22099 /* ShuffleAgenda */,
				FB5E49A92D6F799400B22099 /* ShuffleAgendaTests */,
				FB5E49B32D6F799400B22099 /* ShuffleAgendaUITests */,
			);
		};
/* End PBXProject section */

/* Begin PBXResourcesBuildPhase section */
		FB5E49982D6F799300B22099 /* Resources */ = {
			isa = PBXResourcesBuildPhase;
			buildActionMask = 2147483647;
			files = (
				FB5E49A52D6F799400B22099 /* Preview Assets.xcassets in Resources */,
				FB87E2A72D760F2300381BE8 /* imagen.jpg in Resources */,
				FB5E49A22D6F799400B22099 /* Assets.xcassets in Resources */,
			);
			runOnlyForDeploymentPostprocessing = 0;
		};
		FB5E49A82D6F799400B22099 /* Resources */ = {
			isa = PBXResourcesBuildPhase;
			buildActionMask = 2147483647;
			files = (
			);
			runOnlyForDeploymentPostprocessing = 0;
		};
		FB5E49B22D6F799400B22099 /* Resources */ = {
			isa = PBXResourcesBuildPhase;
			buildActionMask = 2147483647;
			files = (
			);
			runOnlyForDeploymentPostprocessing = 0;
		};
/* End PBXResourcesBuildPhase section */

/* Begin PBXSourcesBuildPhase section */
		FB5E49962D6F799300B22099 /* Sources */ = {
			isa = PBXSourcesBuildPhase;
			buildActionMask = 2147483647;
			files = (
				FB5E49C82D6F7C0D00B22099 /* PantallaAgenda.swift in Sources */,
				FB5E49CB2D6F802400B22099 /* contacto_prevista.swift in Sources */,
				FB87E2A92D7618EA00381BE8 /* agregar_contacto.swift in Sources */,
				FB5E49CE2D6F871100B22099 /* contacto_agenda.swift in Sources */,
				FB5E499E2D6F799300B22099 /* ShuffleAgendaApp.swift in Sources */,
				FB829B402D78BD0E003C728D /* pantalla_ganador.swift in Sources */,
			);
			runOnlyForDeploymentPostprocessing = 0;
		};
		FB5E49A62D6F799400B22099 /* Sources */ = {
			isa = PBXSourcesBuildPhase;
			buildActionMask = 2147483647;
			files = (
				FB5E49AF2D6F799400B22099 /* ShuffleAgendaTests.swift in Sources */,
			);
			runOnlyForDeploymentPostprocessing = 0;
		};
		FB5E49B02D6F799400B22099 /* Sources */ = {
			isa = PBXSourcesBuildPhase;
			buildActionMask = 2147483647;
			files = (
				FB5E49BB2D6F799400B22099 /* ShuffleAgendaUITestsLaunchTests.swift in Sources */,
				FB5E49B92D6F799400B22099 /* ShuffleAgendaUITests.swift in Sources */,
			);
			runOnlyForDeploymentPostprocessing = 0;
		};
/* End PBXSourcesBuildPhase section */

/* Begin PBXTargetDependency section */
		FB5E49AC2D6F799400B22099 /* PBXTargetDependency */ = {
			isa = PBXTargetDependency;
			target = FB5E49992D6F799300B22099 /* ShuffleAgenda */;
			targetProxy = FB5E49AB2D6F799400B22099 /* PBXContainerItemProxy */;
		};
		FB5E49B62D6F799400B22099 /* PBXTargetDependency */ = {
			isa = PBXTargetDependency;
			target = FB5E49992D6F799300B22099 /* ShuffleAgenda */;
			targetProxy = FB5E49B52D6F799400B22099 /* PBXContainerItemProxy */;
		};
/* End PBXTargetDependency section */

/* Begin XCBuildConfiguration section */
		FB5E49BC2D6F799400B22099 /* Debug */ = {
			isa = XCBuildConfiguration;
			buildSettings = {
				ALWAYS_SEARCH_USER_PATHS = NO;
				ASSETCATALOG_COMPILER_GENERATE_SWIFT_ASSET_SYMBOL_EXTENSIONS = YES;
				CLANG_ANALYZER_NONNULL = YES;
				CLANG_ANALYZER_NUMBER_OBJECT_CONVERSION = YES_AGGRESSIVE;
				CLANG_CXX_LANGUAGE_STANDARD = "gnu++20";
				CLANG_ENABLE_MODULES = YES;
				CLANG_ENABLE_OBJC_ARC = YES;
				CLANG_ENABLE_OBJC_WEAK = YES;
				CLANG_WARN_BLOCK_CAPTURE_AUTORELEASING = YES;
				CLANG_WARN_BOOL_CONVERSION = YES;
				CLANG_WARN_COMMA = YES;
				CLANG_WARN_CONSTANT_CONVERSION = YES;
				CLANG_WARN_DEPRECATED_OBJC_IMPLEMENTATIONS = YES;
				CLANG_WARN_DIRECT_OBJC_ISA_USAGE = YES_ERROR;
				CLANG_WARN_DOCUMENTATION_COMMENTS = YES;
				CLANG_WARN_EMPTY_BODY = YES;
				CLANG_WARN_ENUM_CONVERSION = YES;
				CLANG_WARN_INFINITE_RECURSION = YES;
				CLANG_WARN_INT_CONVERSION = YES;
				CLANG_WARN_NON_LITERAL_NULL_CONVERSION = YES;
				CLANG_WARN_OBJC_IMPLICIT_RETAIN_SELF = YES;
				CLANG_WARN_OBJC_LITERAL_CONVERSION = YES;
				CLANG_WARN_OBJC_ROOT_CLASS = YES_ERROR;
				CLANG_WARN_QUOTED_INCLUDE_IN_FRAMEWORK_HEADER = YES;
				CLANG_WARN_RANGE_LOOP_ANALYSIS = YES;
				CLANG_WARN_STRICT_PROTOTYPES = YES;
				CLANG_WARN_SUSPICIOUS_MOVE = YES;
				CLANG_WARN_UNGUARDED_AVAILABILITY = YES_AGGRESSIVE;
				CLANG_WARN_UNREACHABLE_CODE = YES;
				CLANG_WARN__DUPLICATE_METHOD_MATCH = YES;
				COPY_PHASE_STRIP = NO;
				DEBUG_INFORMATION_FORMAT = dwarf;
				ENABLE_STRICT_OBJC_MSGSEND = YES;
				ENABLE_TESTABILITY = YES;
				ENABLE_USER_SCRIPT_SANDBOXING = YES;
				GCC_C_LANGUAGE_STANDARD = gnu17;
				GCC_DYNAMIC_NO_PIC = NO;
				GCC_NO_COMMON_BLOCKS = YES;
				GCC_OPTIMIZATION_LEVEL = 0;
				GCC_PREPROCESSOR_DEFINITIONS = (
					"DEBUG=1",
					"$(inherited)",
				);
				GCC_WARN_64_TO_32_BIT_CONVERSION = YES;
				GCC_WARN_ABOUT_RETURN_TYPE = YES_ERROR;
				GCC_WARN_UNDECLARED_SELECTOR = YES;
				GCC_WARN_UNINITIALIZED_AUTOS = YES_AGGRESSIVE;
				GCC_WARN_UNUSED_FUNCTION = YES;
				GCC_WARN_UNUSED_VARIABLE = YES;
				IPHONEOS_DEPLOYMENT_TARGET = 17.5;
				LOCALIZATION_PREFERS_STRING_CATALOGS = YES;
				MTL_ENABLE_DEBUG_INFO = INCLUDE_SOURCE;
				MTL_FAST_MATH = YES;
				ONLY_ACTIVE_ARCH = YES;
				SDKROOT = iphoneos;
				SWIFT_ACTIVE_COMPILATION_CONDITIONS = "DEBUG $(inherited)";
				SWIFT_OPTIMIZATION_LEVEL = "-Onone";
			};
			name = Debug;
		};
		FB5E49BD2D6F799400B22099 /* Release */ = {
			isa = XCBuildConfiguration;
			buildSettings = {
				ALWAYS_SEARCH_USER_PATHS = NO;
				ASSETCATALOG_COMPILER_GENERATE_SWIFT_ASSET_SYMBOL_EXTENSIONS = YES;
				CLANG_ANALYZER_NONNULL = YES;
				CLANG_ANALYZER_NUMBER_OBJECT_CONVERSION = YES_AGGRESSIVE;
				CLANG_CXX_LANGUAGE_STANDARD = "gnu++20";
				CLANG_ENABLE_MODULES = YES;
				CLANG_ENABLE_OBJC_ARC = YES;
				CLANG_ENABLE_OBJC_WEAK = YES;
				CLANG_WARN_BLOCK_CAPTURE_AUTORELEASING = YES;
				CLANG_WARN_BOOL_CONVERSION = YES;
				CLANG_WARN_COMMA = YES;
				CLANG_WARN_CONSTANT_CONVERSION = YES;
				CLANG_WARN_DEPRECATED_OBJC_IMPLEMENTATIONS = YES;
				CLANG_WARN_DIRECT_OBJC_ISA_USAGE = YES_ERROR;
				CLANG_WARN_DOCUMENTATION_COMMENTS = YES;
				CLANG_WARN_EMPTY_BODY = YES;
				CLANG_WARN_ENUM_CONVERSION = YES;
				CLANG_WARN_INFINITE_RECURSION = YES;
				CLANG_WARN_INT_CONVERSION = YES;
				CLANG_WARN_NON_LITERAL_NULL_CONVERSION = YES;
				CLANG_WARN_OBJC_IMPLICIT_RETAIN_SELF = YES;
				CLANG_WARN_OBJC_LITERAL_CONVERSION = YES;
				CLANG_WARN_OBJC_ROOT_CLASS = YES_ERROR;
				CLANG_WARN_QUOTED_INCLUDE_IN_FRAMEWORK_HEADER = YES;
				CLANG_WARN_RANGE_LOOP_ANALYSIS = YES;
				CLANG_WARN_STRICT_PROTOTYPES = YES;
				CLANG_WARN_SUSPICIOUS_MOVE = YES;
				CLANG_WARN_UNGUARDED_AVAILABILITY = YES_AGGRESSIVE;
				CLANG_WARN_UNREACHABLE_CODE = YES;
				CLANG_WARN__DUPLICATE_METHOD_MATCH = YES;
				COPY_PHASE_STRIP = NO;
				DEBUG_INFORMATION_FORMAT = "dwarf-with-dsym";
				ENABLE_NS_ASSERTIONS = NO;
				ENABLE_STRICT_OBJC_MSGSEND = YES;
				ENABLE_USER_SCRIPT_SANDBOXING = YES;
				GCC_C_LANGUAGE_STANDARD = gnu17;
				GCC_NO_COMMON_BLOCKS = YES;
				GCC_WARN_64_TO_32_BIT_CONVERSION = YES;
				GCC_WARN_ABOUT_RETURN_TYPE = YES_ERROR;
				GCC_WARN_UNDECLARED_SELECTOR = YES;
				GCC_WARN_UNINITIALIZED_AUTOS = YES_AGGRESSIVE;
				GCC_WARN_UNUSED_FUNCTION = YES;
				GCC_WARN_UNUSED_VARIABLE = YES;
				IPHONEOS_DEPLOYMENT_TARGET = 17.5;
				LOCALIZATION_PREFERS_STRING_CATALOGS = YES;
				MTL_ENABLE_DEBUG_INFO = NO;
				MTL_FAST_MATH = YES;
				SDKROOT = iphoneos;
				SWIFT_COMPILATION_MODE = wholemodule;
				VALIDATE_PRODUCT = YES;
			};
			name = Release;
		};
		FB5E49BF2D6F799400B22099 /* Debug */ = {
			isa = XCBuildConfiguration;
			buildSettings = {
				ASSETCATALOG_COMPILER_APPICON_NAME = AppIcon;
				ASSETCATALOG_COMPILER_GLOBAL_ACCENT_COLOR_NAME = AccentColor;
				CODE_SIGN_STYLE = Automatic;
				CURRENT_PROJECT_VERSION = 1;
				DEVELOPMENT_ASSET_PATHS = "\"ShuffleAgenda/Preview Content\"";
				ENABLE_PREVIEWS = YES;
				GENERATE_INFOPLIST_FILE = YES;
				INFOPLIST_KEY_UIApplicationSceneManifest_Generation = YES;
				INFOPLIST_KEY_UIApplicationSupportsIndirectInputEvents = YES;
				INFOPLIST_KEY_UILaunchScreen_Generation = YES;
				INFOPLIST_KEY_UISupportedInterfaceOrientations_iPad = "UIInterfaceOrientationPortrait UIInterfaceOrientationPortraitUpsideDown UIInterfaceOrientationLandscapeLeft UIInterfaceOrientationLandscapeRight";
				INFOPLIST_KEY_UISupportedInterfaceOrientations_iPhone = "UIInterfaceOrientationPortrait UIInterfaceOrientationLandscapeLeft UIInterfaceOrientationLandscapeRight";
				LD_RUNPATH_SEARCH_PATHS = (
					"$(inherited)",
					"@executable_path/Frameworks",
				);
				MARKETING_VERSION = 1.0;
				PRODUCT_BUNDLE_IDENTIFIER = mx.uacj.proyectofinal.ShuffleAgenda;
				PRODUCT_NAME = "$(TARGET_NAME)";
				SWIFT_EMIT_LOC_STRINGS = YES;
				SWIFT_VERSION = 5.0;
				TARGETED_DEVICE_FAMILY = "1,2";
			};
			name = Debug;
		};
		FB5E49C02D6F799400B22099 /* Release */ = {
			isa = XCBuildConfiguration;
			buildSettings = {
				ASSETCATALOG_COMPILER_APPICON_NAME = AppIcon;
				ASSETCATALOG_COMPILER_GLOBAL_ACCENT_COLOR_NAME = AccentColor;
				CODE_SIGN_STYLE = Automatic;
				CURRENT_PROJECT_VERSION = 1;
				DEVELOPMENT_ASSET_PATHS = "\"ShuffleAgenda/Preview Content\"";
				ENABLE_PREVIEWS = YES;
				GENERATE_INFOPLIST_FILE = YES;
				INFOPLIST_KEY_UIApplicationSceneManifest_Generation = YES;
				INFOPLIST_KEY_UIApplicationSupportsIndirectInputEvents = YES;
				INFOPLIST_KEY_UILaunchScreen_Generation = YES;
				INFOPLIST_KEY_UISupportedInterfaceOrientations_iPad = "UIInterfaceOrientationPortrait UIInterfaceOrientationPortraitUpsideDown UIInterfaceOrientationLandscapeLeft UIInterfaceOrientationLandscapeRight";
				INFOPLIST_KEY_UISupportedInterfaceOrientations_iPhone = "UIInterfaceOrientationPortrait UIInterfaceOrientationLandscapeLeft UIInterfaceOrientationLandscapeRight";
				LD_RUNPATH_SEARCH_PATHS = (
					"$(inherited)",
					"@executable_path/Frameworks",
				);
				MARKETING_VERSION = 1.0;
				PRODUCT_BUNDLE_IDENTIFIER = mx.uacj.proyectofinal.ShuffleAgenda;
				PRODUCT_NAME = "$(TARGET_NAME)";
				SWIFT_EMIT_LOC_STRINGS = YES;
				SWIFT_VERSION = 5.0;
				TARGETED_DEVICE_FAMILY = "1,2";
			};
			name = Release;
		};
		FB5E49C22D6F799400B22099 /* Debug */ = {
			isa = XCBuildConfiguration;
			buildSettings = {
				ALWAYS_EMBED_SWIFT_STANDARD_LIBRARIES = YES;
				BUNDLE_LOADER = "$(TEST_HOST)";
				CODE_SIGN_STYLE = Automatic;
				CURRENT_PROJECT_VERSION = 1;
				GENERATE_INFOPLIST_FILE = YES;
				IPHONEOS_DEPLOYMENT_TARGET = 17.5;
				MARKETING_VERSION = 1.0;
				PRODUCT_BUNDLE_IDENTIFIER = mx.uacj.proyectofinal.ShuffleAgendaTests;
				PRODUCT_NAME = "$(TARGET_NAME)";
				SWIFT_EMIT_LOC_STRINGS = NO;
				SWIFT_VERSION = 5.0;
				TARGETED_DEVICE_FAMILY = "1,2";
				TEST_HOST = "$(BUILT_PRODUCTS_DIR)/ShuffleAgenda.app/$(BUNDLE_EXECUTABLE_FOLDER_PATH)/ShuffleAgenda";
			};
			name = Debug;
		};
		FB5E49C32D6F799400B22099 /* Release */ = {
			isa = XCBuildConfiguration;
			buildSettings = {
				ALWAYS_EMBED_SWIFT_STANDARD_LIBRARIES = YES;
				BUNDLE_LOADER = "$(TEST_HOST)";
				CODE_SIGN_STYLE = Automatic;
				CURRENT_PROJECT_VERSION = 1;
				GENERATE_INFOPLIST_FILE = YES;
				IPHONEOS_DEPLOYMENT_TARGET = 17.5;
				MARKETING_VERSION = 1.0;
				PRODUCT_BUNDLE_IDENTIFIER = mx.uacj.proyectofinal.ShuffleAgendaTests;
				PRODUCT_NAME = "$(TARGET_NAME)";
				SWIFT_EMIT_LOC_STRINGS = NO;
				SWIFT_VERSION = 5.0;
				TARGETED_DEVICE_FAMILY = "1,2";
				TEST_HOST = "$(BUILT_PRODUCTS_DIR)/ShuffleAgenda.app/$(BUNDLE_EXECUTABLE_FOLDER_PATH)/ShuffleAgenda";
			};
			name = Release;
		};
		FB5E49C52D6F799400B22099 /* Debug */ = {
			isa = XCBuildConfiguration;
			buildSettings = {
				ALWAYS_EMBED_SWIFT_STANDARD_LIBRARIES = YES;
				CODE_SIGN_STYLE = Automatic;
				CURRENT_PROJECT_VERSION = 1;
				GENERATE_INFOPLIST_FILE = YES;
				MARKETING_VERSION = 1.0;
				PRODUCT_BUNDLE_IDENTIFIER = mx.uacj.proyectofinal.ShuffleAgendaUITests;
				PRODUCT_NAME = "$(TARGET_NAME)";
				SWIFT_EMIT_LOC_STRINGS = NO;
				SWIFT_VERSION = 5.0;
				TARGETED_DEVICE_FAMILY = "1,2";
				TEST_TARGET_NAME = ShuffleAgenda;
			};
			name = Debug;
		};
		FB5E49C62D6F799400B22099 /* Release */ = {
			isa = XCBuildConfiguration;
			buildSettings = {
				ALWAYS_EMBED_SWIFT_STANDARD_LIBRARIES = YES;
				CODE_SIGN_STYLE = Automatic;
				CURRENT_PROJECT_VERSION = 1;
				GENERATE_INFOPLIST_FILE = YES;
				MARKETING_VERSION = 1.0;
				PRODUCT_BUNDLE_IDENTIFIER = mx.uacj.proyectofinal.ShuffleAgendaUITests;
				PRODUCT_NAME = "$(TARGET_NAME)";
				SWIFT_EMIT_LOC_STRINGS = NO;
				SWIFT_VERSION = 5.0;
				TARGETED_DEVICE_FAMILY = "1,2";
				TEST_TARGET_NAME = ShuffleAgenda;
			};
			name = Release;
		};
/* End XCBuildConfiguration section */

/* Begin XCConfigurationList section */
		FB5E49952D6F799300B22099 /* Build configuration list for PBXProject "ShuffleAgenda" */ = {
			isa = XCConfigurationList;
			buildConfigurations = (
				FB5E49BC2D6F799400B22099 /* Debug */,
				FB5E49BD2D6F799400B22099 /* Release */,
			);
			defaultConfigurationIsVisible = 0;
			defaultConfigurationName = Release;
		};
		FB5E49BE2D6F799400B22099 /* Build configuration list for PBXNativeTarget "ShuffleAgenda" */ = {
			isa = XCConfigurationList;
			buildConfigurations = (
				FB5E49BF2D6F799400B22099 /* Debug */,
				FB5E49C02D6F799400B22099 /* Release */,
			);
			defaultConfigurationIsVisible = 0;
			defaultConfigurationName = Release;
		};
		FB5E49C12D6F799400B22099 /* Build configuration list for PBXNativeTarget "ShuffleAgendaTests" */ = {
			isa = XCConfigurationList;
			buildConfigurations = (
				FB5E49C22D6F799400B22099 /* Debug */,
				FB5E49C32D6F799400B22099 /* Release */,
			);
			defaultConfigurationIsVisible = 0;
			defaultConfigurationName = Release;
		};
		FB5E49C42D6F799400B22099 /* Build configuration list for PBXNativeTarget "ShuffleAgendaUITests" */ = {
			isa = XCConfigurationList;
			buildConfigurations = (
				FB5E49C52D6F799400B22099 /* Debug */,
				FB5E49C62D6F799400B22099 /* Release */,
			);
			defaultConfigurationIsVisible = 0;
			defaultConfigurationName = Release;
		};
/* End XCConfigurationList section */
	};
	rootObject = FB5E49922D6F799300B22099 /* Project object */;
}
